{
  "originHash" : "c28163047eb449cf3cfd45cddff53e9d17de9769f4c243b3b40d8cc244c3a3f5",
  "pins" : [
    {
      "identity" : "configdirector-swift-sdk",
      "kind" : "remoteSourceControl",
      "location" : "https://github.com/ConfigDirector/configdirector-swift-sdk.git",
      "state" : {
        "revision" : "dde638ce195cdb29f1ece0a4b79b8632556c7626",
        "version" : "1.7.0"
      }
    }
  ],
  "version" : 3
}
