{
  "originHash" : "c28163047eb449cf3cfd45cddff53e9d17de9769f4c243b3b40d8cc244c3a3f5",
  "pins" : [
    {
      "identity" : "configdirector-swift-sdk",
      "kind" : "remoteSourceControl",
      "location" : "https://github.com/ConfigDirector/configdirector-swift-sdk.git",
      "state" : {
        "revision" : "ae142380f7411fbdc098e16f77d24708f3bedaf3",
        "version" : "1.5.1"
      }
    }
  ],
  "version" : 3
}
